
Microsoft Visual Studio Solution File, Format Version 12.00
# Visual Studio Version 16
VisualStudioVersion = 16.0.30114.105
MinimumVisualStudioVersion = 10.0.40219.1
Project("{FAE04EC0-301F-11D3-BF4B-00C04F79EFBC}") = "MyList.Tests", "MyList.Tests\MyList.Tests.csproj", "{83E33DEB-C66D-4F67-9A27-B98DE2C418C7}"
EndProject
Project("{FAE04EC0-301F-11D3-BF4B-00C04F79EFBC}") = "MyList", "MyList\MyList.csproj", "{34DD6521-8E72-47A2-BF8B-13CB2F75DD05}"
EndProject
Global
	GlobalSection(SolutionConfigurationPlatforms) = preSolution
		Debug|Any CPU = Debug|Any CPU
		Release|Any CPU = Release|Any CPU
	EndGlobalSection
	GlobalSection(SolutionProperties) = preSolution
		HideSolutionNode = FALSE
	EndGlobalSection
	GlobalSection(ProjectConfigurationPlatforms) = postSolution
		{83E33DEB-C66D-4F67-9A27-B98DE2C418C7}.Debug|Any CPU.ActiveCfg = Debug|Any CPU
		{83E33DEB-C66D-4F67-9A27-B98DE2C418C7}.Debug|Any CPU.Build.0 = Debug|Any CPU
		{83E33DEB-C66D-4F67-9A27-B98DE2C418C7}.Release|Any CPU.ActiveCfg = Release|Any CPU
		{83E33DEB-C66D-4F67-9A27-B98DE2C418C7}.Release|Any CPU.Build.0 = Release|Any CPU
		{34DD6521-8E72-47A2-BF8B-13CB2F75DD05}.Debug|Any CPU.ActiveCfg = Debug|Any CPU
		{34DD6521-8E72-47A2-BF8B-13CB2F75DD05}.Debug|Any CPU.Build.0 = Debug|Any CPU
		{34DD6521-8E72-47A2-BF8B-13CB2F75DD05}.Release|Any CPU.ActiveCfg = Release|Any CPU
		{34DD6521-8E72-47A2-BF8B-13CB2F75DD05}.Release|Any CPU.Build.0 = Release|Any CPU
	EndGlobalSection
EndGlobal
